
Microsoft Visual Studio Solution File, Format Version 12.00
# Visual Studio Version 16
VisualStudioVersion = 16.0.29728.190
MinimumVisualStudioVersion = 10.0.40219.1
Project("{FAE04EC0-301F-11D3-BF4B-00C04F79EFBC}") = "WindowsFormsApp1", "WindowsFormsApp1\WindowsFormsApp1.csproj", "{5B03F5C8-8705-4FEE-8C8D-AFB92AADAC0A}"
EndProject
Global
	GlobalSection(SolutionConfigurationPlatforms) = preSolution
		Debug|Any CPU = Debug|Any CPU
		Release|Any CPU = Release|Any CPU
	EndGlobalSection
	GlobalSection(ProjectConfigurationPlatforms) = postSolution
		{5B03F5C8-8705-4FEE-8C8D-AFB92AADAC0A}.Debug|Any CPU.ActiveCfg = Debug|Any CPU
		{5B03F5C8-8705-4FEE-8C8D-AFB92AADAC0A}.Debug|Any CPU.Build.0 = Debug|Any CPU
		{5B03F5C8-8705-4FEE-8C8D-AFB92AADAC0A}.Release|Any CPU.ActiveCfg = Release|Any CPU
		{5B03F5C8-8705-4FEE-8C8D-AFB92AADAC0A}.Release|Any CPU.Build.0 = Release|Any CPU
	EndGlobalSection
	GlobalSection(SolutionProperties) = preSolution
		HideSolutionNode = FALSE
	EndGlobalSection
	GlobalSection(ExtensibilityGlobals) = postSolution
		SolutionGuid = {9A46B83A-42DA-45F9-A98A-6AB09AE6AB97}
	EndGlobalSection
EndGlobal
